
Microsoft Visual Studio Solution File, Format Version 12.00
# Visual Studio Version 17
VisualStudioVersion = 17.5.002.0
MinimumVisualStudioVersion = 10.0.40219.1
Project("{9A19103F-16F7-4668-BE54-9A1E7A4F7556}") = "eduChain", "eduChain.csproj", "{A66C4A4F-0257-40C6-B5E8-0DC5966D8A20}"
EndProject
Global
	GlobalSection(SolutionConfigurationPlatforms) = preSolution
		Debug|Any CPU = Debug|Any CPU
		Release|Any CPU = Release|Any CPU
	EndGlobalSection
	GlobalSection(ProjectConfigurationPlatforms) = postSolution
		{A66C4A4F-0257-40C6-B5E8-0DC5966D8A20}.Debug|Any CPU.ActiveCfg = Release|Any CPU
		{A66C4A4F-0257-40C6-B5E8-0DC5966D8A20}.Debug|Any CPU.Build.0 = Release|Any CPU
		{A66C4A4F-0257-40C6-B5E8-0DC5966D8A20}.Debug|Any CPU.Deploy.0 = Release|Any CPU
		{A66C4A4F-0257-40C6-B5E8-0DC5966D8A20}.Release|Any CPU.ActiveCfg = Debug|Any CPU
		{A66C4A4F-0257-40C6-B5E8-0DC5966D8A20}.Release|Any CPU.Build.0 = Debug|Any CPU
		{A66C4A4F-0257-40C6-B5E8-0DC5966D8A20}.Release|Any CPU.Deploy.0 = Debug|Any CPU
	EndGlobalSection
	GlobalSection(SolutionProperties) = preSolution
		HideSolutionNode = FALSE
	EndGlobalSection
	GlobalSection(ExtensibilityGlobals) = postSolution
		SolutionGuid = {4C690941-D595-498E-BBF8-37042E5C7D6F}
	EndGlobalSection
EndGlobal
